# THIS IS AN AUTOGENERATED FILE. DO NOT EDIT THIS FILE DIRECTLY.
# yarn lockfile v1


"@react-native-masked-view/masked-view@^0.2.6":
  version "0.2.6"
  resolved "https://registry.yarnpkg.com/@react-native-masked-view/masked-view/-/masked-view-0.2.6.tgz#b26c52d5db3ad0926b13deea79c69620966a9221"
  integrity sha512-303CxmetUmgiX9NSUxatZkNh9qTYYdiM8xkGf9I3Uj20U3eGY3M78ljeNQ4UVCJA+FNGS5nC1dtS9GjIqvB4dg==

"@types/prop-types@*", "@types/prop-types@^15.7.3":
  version "15.7.3"
  resolved "https://registry.npmjs.org/@types/prop-types/-/prop-types-15.7.3.tgz"
  integrity sha512-KfRL3PuHmqQLOG+2tGpRO26Ctg+Cq1E01D2DMriKEATHgWLfeNDmq9e29Q9WIky0dQ3NPkd1mzYH8Lm936Z9qw==

"@types/react-native@^0.65.5":
  version "0.65.21"
  resolved "https://registry.yarnpkg.com/@types/react-native/-/react-native-0.65.21.tgz#f731b172765f17e4866473de41e1d3a4890ae536"
  integrity sha512-6TmhHLEBH7xMOBG+MIExOILOEI+nq/VHmlAJZ7SynJ+/ezG318EFrrxDPge46WPqWT25ZbnhSR6uxzBn7TDRbQ==
  dependencies:
    "@types/react" "*"

"@types/react@*":
  version "16.9.49"
  resolved "https://registry.npmjs.org/@types/react/-/react-16.9.49.tgz"
  integrity sha512-DtLFjSj0OYAdVLBbyjhuV9CdGVHCkHn2R+xr3XkBvK2rS1Y1tkc14XSGjYgm5Fjjr90AxH9tiSzc1pCFMGO06g==
  dependencies:
    "@types/prop-types" "*"
    csstype "^3.0.2"

"@types/react@^17.0.27":
  version "17.0.43"
  resolved "https://registry.yarnpkg.com/@types/react/-/react-17.0.43.tgz#4adc142887dd4a2601ce730bc56c3436fdb07a55"
  integrity sha512-8Q+LNpdxf057brvPu1lMtC5Vn7J119xrP1aq4qiaefNioQUYANF/CYeK4NsKorSZyUGJ66g0IM+4bbjwx45o2A==
  dependencies:
    "@types/prop-types" "*"
    "@types/scheduler" "*"
    csstype "^3.0.2"

"@types/scheduler@*":
  version "0.16.2"
  resolved "https://registry.yarnpkg.com/@types/scheduler/-/scheduler-0.16.2.tgz#1a62f89525723dde24ba1b01b092bf5df8ad4d39"
  integrity sha512-hppQEBDmlwhFAXKJX2KnWLYu5yMfi91yazPb2l+lbJiwW+wdo1gNeRA+3RgNSO39WYX2euey41KEwnqesU2Jew==

csstype@^3.0.2:
  version "3.0.3"
  resolved "https://registry.npmjs.org/csstype/-/csstype-3.0.3.tgz"
  integrity sha512-jPl+wbWPOWJ7SXsWyqGRk3lGecbar0Cb0OvZF/r/ZU011R4YqiRehgkQ9p4eQfo9DSDLqLL3wHwfxeJiuIsNag==

react-native-linear-gradient@^2.5.6:
  version "2.5.6"
  resolved "https://registry.yarnpkg.com/react-native-linear-gradient/-/react-native-linear-gradient-2.5.6.tgz#96215cbc5ec7a01247a20890888aa75b834d44a0"
  integrity sha512-HDwEaXcQIuXXCV70O+bK1rizFong3wj+5Q/jSyifKFLg0VWF95xh8XQgfzXwtq0NggL9vNjPKXa016KuFu+VFg==

typescript@^4.4.3:
  version "4.6.3"
  resolved "https://registry.yarnpkg.com/typescript/-/typescript-4.6.3.tgz#eefeafa6afdd31d725584c67a0eaba80f6fc6c6c"
  integrity sha512-yNIatDa5iaofVozS/uQJEl3JRWLKKGJKh6Yaiv0GLGSuhpFJe7P3SbHZ8/yjAHRQwKRoA6YZqlfjXWmVzoVSMw==
